
Microsoft Visual Studio Solution File, Format Version 12.00
# Visual Studio 15
VisualStudioVersion = 15.0.27004.2008
MinimumVisualStudioVersion = 10.0.40219.1
Project("{8BC9CEB8-8B4A-11D0-8D11-00A0C91BC942}") = "motor-driver", "motor-driver\motor-driver.vcxproj", "{841AB6D0-5CC8-4BE3-A600-BBB8101DAE77}"
EndProject
Global
	GlobalSection(SolutionConfigurationPlatforms) = preSolution
		Debug|x64 = Debug|x64
		Debug|x86 = Debug|x86
		Release|x64 = Release|x64
		Release|x86 = Release|x86
	EndGlobalSection
	GlobalSection(ProjectConfigurationPlatforms) = postSolution
		{841AB6D0-5CC8-4BE3-A600-BBB8101DAE77}.Debug|x64.ActiveCfg = Debug|x64
		{841AB6D0-5CC8-4BE3-A600-BBB8101DAE77}.Debug|x64.Build.0 = Debug|x64
		{841AB6D0-5CC8-4BE3-A600-BBB8101DAE77}.Debug|x86.ActiveCfg = Debug|Win32
		{841AB6D0-5CC8-4BE3-A600-BBB8101DAE77}.Debug|x86.Build.0 = Debug|Win32
		{841AB6D0-5CC8-4BE3-A600-BBB8101DAE77}.Release|x64.ActiveCfg = Release|x64
		{841AB6D0-5CC8-4BE3-A600-BBB8101DAE77}.Release|x64.Build.0 = Release|x64
		{841AB6D0-5CC8-4BE3-A600-BBB8101DAE77}.Release|x86.ActiveCfg = Release|Win32
		{841AB6D0-5CC8-4BE3-A600-BBB8101DAE77}.Release|x86.Build.0 = Release|Win32
	EndGlobalSection
	GlobalSection(SolutionProperties) = preSolution
		HideSolutionNode = FALSE
	EndGlobalSection
	GlobalSection(ExtensibilityGlobals) = postSolution
		SolutionGuid = {DBAFCDE2-BC18-43E6-8840-B96DF44402F2}
	EndGlobalSection
EndGlobal
